
Microsoft Visual Studio Solution File, Format Version 12.00
# Visual Studio Version 17
VisualStudioVersion = 17.0.31903.59
MinimumVisualStudioVersion = 10.0.40219.1
Project("{2150E333-8FDC-42A3-9474-1A3956D46DE8}") = "src", "src", "{3AA190F8-8F24-4A2C-AA48-E0075C9AE473}"
EndProject
Project("{2150E333-8FDC-42A3-9474-1A3956D46DE8}") = "commands", "commands", "{F4E337D9-7354-416B-9755-ADF6FBDE61B3}"
EndProject
Project("{FAE04EC0-301F-11D3-BF4B-00C04F79EFBC}") = "group", "src\commands\group\group.csproj", "{43345C11-9A52-43DE-BA0D-AE2A825295E0}"
EndProject
Project("{FAE04EC0-301F-11D3-BF4B-00C04F79EFBC}") = "tests", "tests\tests.csproj", "{D807ED15-6E96-4343-A67C-DEBBE41B182D}"
EndProject
Project("{FAE04EC0-301F-11D3-BF4B-00C04F79EFBC}") = "lib", "src\lib\lib.csproj", "{37FF442D-2919-4634-AD38-A133E6896F03}"
EndProject
Project("{FAE04EC0-301F-11D3-BF4B-00C04F79EFBC}") = "repo", "src\commands\repo\repo.csproj", "{3DB04106-1232-403C-AFD9-50FEB981E474}"
EndProject
Global
	GlobalSection(SolutionConfigurationPlatforms) = preSolution
		Debug|Any CPU = Debug|Any CPU
		Release|Any CPU = Release|Any CPU
	EndGlobalSection
	GlobalSection(SolutionProperties) = preSolution
		HideSolutionNode = FALSE
	EndGlobalSection
	GlobalSection(ProjectConfigurationPlatforms) = postSolution
		{43345C11-9A52-43DE-BA0D-AE2A825295E0}.Debug|Any CPU.ActiveCfg = Debug|Any CPU
		{43345C11-9A52-43DE-BA0D-AE2A825295E0}.Debug|Any CPU.Build.0 = Debug|Any CPU
		{43345C11-9A52-43DE-BA0D-AE2A825295E0}.Release|Any CPU.ActiveCfg = Release|Any CPU
		{43345C11-9A52-43DE-BA0D-AE2A825295E0}.Release|Any CPU.Build.0 = Release|Any CPU
		{D807ED15-6E96-4343-A67C-DEBBE41B182D}.Debug|Any CPU.ActiveCfg = Debug|Any CPU
		{D807ED15-6E96-4343-A67C-DEBBE41B182D}.Debug|Any CPU.Build.0 = Debug|Any CPU
		{D807ED15-6E96-4343-A67C-DEBBE41B182D}.Release|Any CPU.ActiveCfg = Release|Any CPU
		{D807ED15-6E96-4343-A67C-DEBBE41B182D}.Release|Any CPU.Build.0 = Release|Any CPU
		{37FF442D-2919-4634-AD38-A133E6896F03}.Debug|Any CPU.ActiveCfg = Debug|Any CPU
		{37FF442D-2919-4634-AD38-A133E6896F03}.Debug|Any CPU.Build.0 = Debug|Any CPU
		{37FF442D-2919-4634-AD38-A133E6896F03}.Release|Any CPU.ActiveCfg = Release|Any CPU
		{37FF442D-2919-4634-AD38-A133E6896F03}.Release|Any CPU.Build.0 = Release|Any CPU
		{3DB04106-1232-403C-AFD9-50FEB981E474}.Debug|Any CPU.ActiveCfg = Debug|Any CPU
		{3DB04106-1232-403C-AFD9-50FEB981E474}.Debug|Any CPU.Build.0 = Debug|Any CPU
		{3DB04106-1232-403C-AFD9-50FEB981E474}.Release|Any CPU.ActiveCfg = Release|Any CPU
		{3DB04106-1232-403C-AFD9-50FEB981E474}.Release|Any CPU.Build.0 = Release|Any CPU
	EndGlobalSection
	GlobalSection(NestedProjects) = preSolution
		{F4E337D9-7354-416B-9755-ADF6FBDE61B3} = {3AA190F8-8F24-4A2C-AA48-E0075C9AE473}
		{43345C11-9A52-43DE-BA0D-AE2A825295E0} = {F4E337D9-7354-416B-9755-ADF6FBDE61B3}
		{37FF442D-2919-4634-AD38-A133E6896F03} = {3AA190F8-8F24-4A2C-AA48-E0075C9AE473}
		{3DB04106-1232-403C-AFD9-50FEB981E474} = {F4E337D9-7354-416B-9755-ADF6FBDE61B3}
	EndGlobalSection
EndGlobal
