
Microsoft Visual Studio Solution File, Format Version 12.00
# Visual Studio Version 17
VisualStudioVersion = 17.0.31903.59
MinimumVisualStudioVersion = 10.0.40219.1
Project("{FAE04EC0-301F-11D3-BF4B-00C04F79EFBC}") = "tests", "tests\tests.csproj", "{D807ED15-6E96-4343-A67C-DEBBE41B182D}"
EndProject
Project("{FAE04EC0-301F-11D3-BF4B-00C04F79EFBC}") = "simple-git-shell", "src\simple-git-shell.csproj", "{035E7C3E-2785-44CA-AE22-0B5B2C129F62}"
EndProject
Global
	GlobalSection(SolutionConfigurationPlatforms) = preSolution
		Debug|Any CPU = Debug|Any CPU
		Release|Any CPU = Release|Any CPU
	EndGlobalSection
	GlobalSection(SolutionProperties) = preSolution
		HideSolutionNode = FALSE
	EndGlobalSection
	GlobalSection(ProjectConfigurationPlatforms) = postSolution
		{D807ED15-6E96-4343-A67C-DEBBE41B182D}.Debug|Any CPU.ActiveCfg = Debug|Any CPU
		{D807ED15-6E96-4343-A67C-DEBBE41B182D}.Debug|Any CPU.Build.0 = Debug|Any CPU
		{D807ED15-6E96-4343-A67C-DEBBE41B182D}.Release|Any CPU.ActiveCfg = Release|Any CPU
		{D807ED15-6E96-4343-A67C-DEBBE41B182D}.Release|Any CPU.Build.0 = Release|Any CPU
		{035E7C3E-2785-44CA-AE22-0B5B2C129F62}.Debug|Any CPU.ActiveCfg = Debug|Any CPU
		{035E7C3E-2785-44CA-AE22-0B5B2C129F62}.Debug|Any CPU.Build.0 = Debug|Any CPU
		{035E7C3E-2785-44CA-AE22-0B5B2C129F62}.Release|Any CPU.ActiveCfg = Release|Any CPU
		{035E7C3E-2785-44CA-AE22-0B5B2C129F62}.Release|Any CPU.Build.0 = Release|Any CPU
	EndGlobalSection
EndGlobal
